
Microsoft Visual Studio Solution File, Format Version 12.00
# Visual Studio Version 16
VisualStudioVersion = 16.0.30330.147
MinimumVisualStudioVersion = 10.0.40219.1
Project("{9A19103F-16F7-4668-BE54-9A1E7A4F7556}") = "Control_Flow", "..\..\..\..\..\source\repos\Control_Flow\Control_Flow\Control_Flow.csproj", "{7E097203-D278-47F9-A4FB-D9F6EEA96223}"
EndProject
Global
	GlobalSection(SolutionConfigurationPlatforms) = preSolution
		Debug|Any CPU = Debug|Any CPU
		Release|Any CPU = Release|Any CPU
	EndGlobalSection
	GlobalSection(ProjectConfigurationPlatforms) = postSolution
		{7E097203-D278-47F9-A4FB-D9F6EEA96223}.Debug|Any CPU.ActiveCfg = Debug|Any CPU
		{7E097203-D278-47F9-A4FB-D9F6EEA96223}.Debug|Any CPU.Build.0 = Debug|Any CPU
		{7E097203-D278-47F9-A4FB-D9F6EEA96223}.Release|Any CPU.ActiveCfg = Release|Any CPU
		{7E097203-D278-47F9-A4FB-D9F6EEA96223}.Release|Any CPU.Build.0 = Release|Any CPU
	EndGlobalSection
	GlobalSection(SolutionProperties) = preSolution
		HideSolutionNode = FALSE
	EndGlobalSection
	GlobalSection(ExtensibilityGlobals) = postSolution
		SolutionGuid = {B4792E67-2FC8-41A4-9D61-4267C8C0A54A}
	EndGlobalSection
EndGlobal
